
Microsoft Visual Studio Solution File, Format Version 12.00
# Visual Studio 2013
VisualStudioVersion = 12.0.31101.0
MinimumVisualStudioVersion = 10.0.40219.1
Project("{FAE04EC0-301F-11D3-BF4B-00C04F79EFBC}") = "Pot.Data", "Pot.Data\Pot.Data.csproj", "{96DC9F6D-C064-41AC-803A-4E96114422D2}"
EndProject
Project("{FAE04EC0-301F-11D3-BF4B-00C04F79EFBC}") = "Pot.Data.SQLServer", "Pot.Data.SQLServer\Pot.Data.SQLServer.csproj", "{51BFB198-BA26-46CF-AFA7-BC81A000EA11}"
EndProject
Project("{FAE04EC0-301F-11D3-BF4B-00C04F79EFBC}") = "Pot.Web.Api.Unit.Tests", "Pot.Web.Api.UnitTests\Pot.Web.Api.Unit.Tests.csproj", "{03F19DE5-1DE1-43E8-9383-177F80B97BA3}"
EndProject
Project("{FAE04EC0-301F-11D3-BF4B-00C04F79EFBC}") = "Pot.Web.Api.Integration.Tests", "Pot.Web.Api.Integration.Tests\Pot.Web.Api.Integration.Tests.csproj", "{66599C7A-7251-4DC6-BCAE-2F5B9EFF6042}"
EndProject
Project("{FAE04EC0-301F-11D3-BF4B-00C04F79EFBC}") = "Pot.Web.Api", "Pot.Web.Api\Pot.Web.Api.csproj", "{2BA20D78-9EDA-4B5E-A4A8-07A6631EF549}"
EndProject
Project("{FAE04EC0-301F-11D3-BF4B-00C04F79EFBC}") = "Pot.Web.Api.Tests.Utils", "Pot.Web.Api.Tests.Utils\Pot.Web.Api.Tests.Utils.csproj", "{19502259-6F7F-45E9-9B5C-93A194F9E4C5}"
EndProject
Project("{2150E333-8FDC-42A3-9474-1A3956D46DE8}") = "Tests", "Tests", "{969F9022-1CDE-4AB3-A301-53C49A457E6B}"
EndProject
Global
	GlobalSection(SolutionConfigurationPlatforms) = preSolution
		Debug|Any CPU = Debug|Any CPU
		Release|Any CPU = Release|Any CPU
	EndGlobalSection
	GlobalSection(ProjectConfigurationPlatforms) = postSolution
		{96DC9F6D-C064-41AC-803A-4E96114422D2}.Debug|Any CPU.ActiveCfg = Debug|Any CPU
		{96DC9F6D-C064-41AC-803A-4E96114422D2}.Debug|Any CPU.Build.0 = Debug|Any CPU
		{96DC9F6D-C064-41AC-803A-4E96114422D2}.Release|Any CPU.ActiveCfg = Release|Any CPU
		{96DC9F6D-C064-41AC-803A-4E96114422D2}.Release|Any CPU.Build.0 = Release|Any CPU
		{51BFB198-BA26-46CF-AFA7-BC81A000EA11}.Debug|Any CPU.ActiveCfg = Debug|Any CPU
		{51BFB198-BA26-46CF-AFA7-BC81A000EA11}.Debug|Any CPU.Build.0 = Debug|Any CPU
		{51BFB198-BA26-46CF-AFA7-BC81A000EA11}.Release|Any CPU.ActiveCfg = Release|Any CPU
		{51BFB198-BA26-46CF-AFA7-BC81A000EA11}.Release|Any CPU.Build.0 = Release|Any CPU
		{03F19DE5-1DE1-43E8-9383-177F80B97BA3}.Debug|Any CPU.ActiveCfg = Debug|Any CPU
		{03F19DE5-1DE1-43E8-9383-177F80B97BA3}.Debug|Any CPU.Build.0 = Debug|Any CPU
		{03F19DE5-1DE1-43E8-9383-177F80B97BA3}.Release|Any CPU.ActiveCfg = Release|Any CPU
		{03F19DE5-1DE1-43E8-9383-177F80B97BA3}.Release|Any CPU.Build.0 = Release|Any CPU
		{66599C7A-7251-4DC6-BCAE-2F5B9EFF6042}.Debug|Any CPU.ActiveCfg = Debug|Any CPU
		{66599C7A-7251-4DC6-BCAE-2F5B9EFF6042}.Debug|Any CPU.Build.0 = Debug|Any CPU
		{66599C7A-7251-4DC6-BCAE-2F5B9EFF6042}.Release|Any CPU.ActiveCfg = Release|Any CPU
		{66599C7A-7251-4DC6-BCAE-2F5B9EFF6042}.Release|Any CPU.Build.0 = Release|Any CPU
		{2BA20D78-9EDA-4B5E-A4A8-07A6631EF549}.Debug|Any CPU.ActiveCfg = Debug|Any CPU
		{2BA20D78-9EDA-4B5E-A4A8-07A6631EF549}.Debug|Any CPU.Build.0 = Debug|Any CPU
		{2BA20D78-9EDA-4B5E-A4A8-07A6631EF549}.Release|Any CPU.ActiveCfg = Release|Any CPU
		{2BA20D78-9EDA-4B5E-A4A8-07A6631EF549}.Release|Any CPU.Build.0 = Release|Any CPU
		{19502259-6F7F-45E9-9B5C-93A194F9E4C5}.Debug|Any CPU.ActiveCfg = Debug|Any CPU
		{19502259-6F7F-45E9-9B5C-93A194F9E4C5}.Debug|Any CPU.Build.0 = Debug|Any CPU
		{19502259-6F7F-45E9-9B5C-93A194F9E4C5}.Release|Any CPU.ActiveCfg = Release|Any CPU
		{19502259-6F7F-45E9-9B5C-93A194F9E4C5}.Release|Any CPU.Build.0 = Release|Any CPU
	EndGlobalSection
	GlobalSection(SolutionProperties) = preSolution
		HideSolutionNode = FALSE
	EndGlobalSection
	GlobalSection(NestedProjects) = preSolution
		{03F19DE5-1DE1-43E8-9383-177F80B97BA3} = {969F9022-1CDE-4AB3-A301-53C49A457E6B}
		{66599C7A-7251-4DC6-BCAE-2F5B9EFF6042} = {969F9022-1CDE-4AB3-A301-53C49A457E6B}
		{19502259-6F7F-45E9-9B5C-93A194F9E4C5} = {969F9022-1CDE-4AB3-A301-53C49A457E6B}
	EndGlobalSection
EndGlobal
